// !$*UTF8*$!
{
	archiveVersion = 1;
	classes = {
	};
	objectVersion = 50;
	objects = {

/* Begin PBXBuildFile section */
		BE149F82256904DB003EFDC2 /* ATMcardApp.swift in Sources */ = {isa = PBXBuildFile; fileRef = BE149F81256904DB003EFDC2 /* ATMcardApp.swift */; };
		BE149F84256904DB003EFDC2 /* ContentView.swift in Sources */ = {isa = PBXBuildFile; fileRef = BE149F83256904DB003EFDC2 /* ContentView.swift */; };
		BE149F86256904DE003EFDC2 /* Assets.xcassets in Resources */ = {isa = PBXBuildFile; fileRef = BE149F85256904DE003EFDC2 /* Assets.xcassets */; };
		BE149F89256904DE003EFDC2 /* Preview Assets.xcassets in Resources */ = {isa = PBXBuildFile; fileRef = BE149F88256904DE003EFDC2 /* Preview Assets.xcassets */; };
		BE149F922569050B003EFDC2 /* CardView.swift in Sources */ = {isa = PBXBuildFile; fileRef = BE149F912569050B003EFDC2 /* CardView.swift */; };
		BE149F9525690539003EFDC2 /* Extension.swift in Sources */ = {isa = PBXBuildFile; fileRef = BE149F9425690539003EFDC2 /* Extension.swift */; };
/* End PBXBuildFile section */

/* Begin PBXFileReference section */
		BE149F7E256904DB003EFDC2 /* ATMcard.app */ = {isa = PBXFileReference; explicitFileType = wrapper.application; includeInIndex = 0; path = ATMcard.app; sourceTree = BUILT_PRODUCTS_DIR; };
		BE149F81256904DB003EFDC2 /* ATMcardApp.swift */ = {isa = PBXFileReference; lastKnownFileType = sourcecode.swift; path = ATMcardApp.swift; sourceTree = "<group>"; };
		BE149F83256904DB003EFDC2 /* ContentView.swift */ = {isa = PBXFileReference; lastKnownFileType = sourcecode.swift; path = ContentView.swift; sourceTree = "<group>"; };
		BE149F85256904DE003EFDC2 /* Assets.xcassets */ = {isa = PBXFileReference; lastKnownFileType = folder.assetcatalog; path = Assets.xcassets; sourceTree = "<group>"; };
		BE149F88256904DE003EFDC2 /* Preview Assets.xcassets */ = {isa = PBXFileReference; lastKnownFileType = folder.assetcatalog; path = "Preview Assets.xcassets"; sourceTree = "<group>"; };
		BE149F8A256904DE003EFDC2 /* Info.plist */ = {isa = PBXFileReference; lastKnownFileType = text.plist.xml; path = Info.plist; sourceTree = "<group>"; };
		BE149F912569050B003EFDC2 /* CardView.swift */ = {isa = PBXFileReference; lastKnownFileType = sourcecode.swift; path = CardView.swift; sourceTree = "<group>"; };
		BE149F9425690539003EFDC2 /* Extension.swift */ = {isa = PBXFileReference; lastKnownFileType = sourcecode.swift; path = Extension.swift; sourceTree = "<group>"; };
/* End PBXFileReference section */

/* Begin PBXFrameworksBuildPhase section */
		BE149F7B256904DB003EFDC2 /* Frameworks */ = {
			isa = PBXFrameworksBuildPhase;
			buildActionMask = 2147483647;
			files = (
			);
			runOnlyForDeploymentPostprocessing = 0;
		};
/* End PBXFrameworksBuildPhase section */

/* Begin PBXGroup section */
		BE149F75256904DB003EFDC2 = {
			isa = PBXGroup;
			children = (
				BE149F80256904DB003EFDC2 /* ATMcard */,
				BE149F7F256904DB003EFDC2 /* Products */,
			);
			sourceTree = "<group>";
		};
		BE149F7F256904DB003EFDC2 /* Products */ = {
			isa = PBXGroup;
			children = (
				BE149F7E256904DB003EFDC2 /* ATMcard.app */,
			);
			name = Products;
			sourceTree = "<group>";
		};
		BE149F80256904DB003EFDC2 /* ATMcard */ = {
			isa = PBXGroup;
			children = (
				BE149F81256904DB003EFDC2 /* ATMcardApp.swift */,
				BE149F83256904DB003EFDC2 /* ContentView.swift */,
				BE149F912569050B003EFDC2 /* CardView.swift */,
				BE149F9425690539003EFDC2 /* Extension.swift */,
				BE149F85256904DE003EFDC2 /* Assets.xcassets */,
				BE149F8A256904DE003EFDC2 /* Info.plist */,
				BE149F87256904DE003EFDC2 /* Preview Content */,
			);
			path = ATMcard;
			sourceTree = "<group>";
		};
		BE149F87256904DE003EFDC2 /* Preview Content */ = {
			isa = PBXGroup;
			children = (
				BE149F88256904DE003EFDC2 /* Preview Assets.xcassets */,
			);
			path = "Preview Content";
			sourceTree = "<group>";
		};
/* End PBXGroup section */

/* Begin PBXNativeTarget section */
		BE149F7D256904DB003EFDC2 /* ATMcard */ = {
			isa = PBXNativeTarget;
			buildConfigurationList = BE149F8D256904DE003EFDC2 /* Build configuration list for PBXNativeTarget "ATMcard" */;
			buildPhases = (
				BE149F7A256904DB003EFDC2 /* Sources */,
				BE149F7B256904DB003EFDC2 /* Frameworks */,
				BE149F7C256904DB003EFDC2 /* Resources */,
			);
			buildRules = (
			);
			dependencies = (
			);
			name = ATMcard;
			productName = ATMcard;
			productReference = BE149F7E256904DB003EFDC2 /* ATMcard.app */;
			productType = "com.apple.product-type.application";
		};
/* End PBXNativeTarget section */

/* Begin PBXProject section */
		BE149F76256904DB003EFDC2 /* Project object */ = {
			isa = PBXProject;
			attributes = {
				LastSwiftUpdateCheck = 1210;
				LastUpgradeCheck = 1210;
				TargetAttributes = {
					BE149F7D256904DB003EFDC2 = {
						CreatedOnToolsVersion = 12.1;
					};
				};
			};
			buildConfigurationList = BE149F79256904DB003EFDC2 /* Build configuration list for PBXProject "ATMcard" */;
			compatibilityVersion = "Xcode 9.3";
			developmentRegion = en;
			hasScannedForEncodings = 0;
			knownRegions = (
				en,
				Base,
			);
			mainGroup = BE149F75256904DB003EFDC2;
			productRefGroup = BE149F7F256904DB003EFDC2 /* Products */;
			projectDirPath = "";
			projectRoot = "";
			targets = (
				BE149F7D256904DB003EFDC2 /* ATMcard */,
			);
		};
/* End PBXProject section */

/* Begin PBXResourcesBuildPhase section */
		BE149F7C256904DB003EFDC2 /* Resources */ = {
			isa = PBXResourcesBuildPhase;
			buildActionMask = 2147483647;
			files = (
				BE149F89256904DE003EFDC2 /* Preview Assets.xcassets in Resources */,
				BE149F86256904DE003EFDC2 /* Assets.xcassets in Resources */,
			);
			runOnlyForDeploymentPostprocessing = 0;
		};
/* End PBXResourcesBuildPhase section */

/* Begin PBXSourcesBuildPhase section */
		BE149F7A256904DB003EFDC2 /* Sources */ = {
			isa = PBXSourcesBuildPhase;
			buildActionMask = 2147483647;
			files = (
				BE149F84256904DB003EFDC2 /* ContentView.swift in Sources */,
				BE149F922569050B003EFDC2 /* CardView.swift in Sources */,
				BE149F82256904DB003EFDC2 /* ATMcardApp.swift in Sources */,
				BE149F9525690539003EFDC2 /* Extension.swift in Sources */,
			);
			runOnlyForDeploymentPostprocessing = 0;
		};
/* End PBXSourcesBuildPhase section */

/* Begin XCBuildConfiguration section */
		BE149F8B256904DE003EFDC2 /* Debug */ = {
			isa = XCBuildConfiguration;
			buildSettings = {
				ALWAYS_SEARCH_USER_PATHS = NO;
				CLANG_ANALYZER_NONNULL = YES;
				CLANG_ANALYZER_NUMBER_OBJECT_CONVERSION = YES_AGGRESSIVE;
				CLANG_CXX_LANGUAGE_STANDARD = "gnu++14";
				CLANG_CXX_LIBRARY = "libc++";
				CLANG_ENABLE_MODULES = YES;
				CLANG_ENABLE_OBJC_ARC = YES;
				CLANG_ENABLE_OBJC_WEAK = YES;
				CLANG_WARN_BLOCK_CAPTURE_AUTORELEASING = YES;
				CLANG_WARN_BOOL_CONVERSION = YES;
				CLANG_WARN_COMMA = YES;
				CLANG_WARN_CONSTANT_CONVERSION = YES;
				CLANG_WARN_DEPRECATED_OBJC_IMPLEMENTATIONS = YES;
				CLANG_WARN_DIRECT_OBJC_ISA_USAGE = YES_ERROR;
				CLANG_WARN_DOCUMENTATION_COMMENTS = YES;
				CLANG_WARN_EMPTY_BODY = YES;
				CLANG_WARN_ENUM_CONVERSION = YES;
				CLANG_WARN_INFINITE_RECURSION = YES;
				CLANG_WARN_INT_CONVERSION = YES;
				CLANG_WARN_NON_LITERAL_NULL_CONVERSION = YES;
				CLANG_WARN_OBJC_IMPLICIT_RETAIN_SELF = YES;
				CLANG_WARN_OBJC_LITERAL_CONVERSION = YES;
				CLANG_WARN_OBJC_ROOT_CLASS = YES_ERROR;
				CLANG_WARN_QUOTED_INCLUDE_IN_FRAMEWORK_HEADER = YES;
				CLANG_WARN_RANGE_LOOP_ANALYSIS = YES;
				CLANG_WARN_STRICT_PROTOTYPES = YES;
				CLANG_WARN_SUSPICIOUS_MOVE = YES;
				CLANG_WARN_UNGUARDED_AVAILABILITY = YES_AGGRESSIVE;
				CLANG_WARN_UNREACHABLE_CODE = YES;
				CLANG_WARN__DUPLICATE_METHOD_MATCH = YES;
				COPY_PHASE_STRIP = NO;
				DEBUG_INFORMATION_FORMAT = dwarf;
				ENABLE_STRICT_OBJC_MSGSEND = YES;
				ENABLE_TESTABILITY = YES;
				GCC_C_LANGUAGE_STANDARD = gnu11;
				GCC_DYNAMIC_NO_PIC = NO;
				GCC_NO_COMMON_BLOCKS = YES;
				GCC_OPTIMIZATION_LEVEL = 0;
				GCC_PREPROCESSOR_DEFINITIONS = (
					"DEBUG=1",
					"$(inherited)",
				);
				GCC_WARN_64_TO_32_BIT_CONVERSION = YES;
				GCC_WARN_ABOUT_RETURN_TYPE = YES_ERROR;
				GCC_WARN_UNDECLARED_SELECTOR = YES;
				GCC_WARN_UNINITIALIZED_AUTOS = YES_AGGRESSIVE;
				GCC_WARN_UNUSED_FUNCTION = YES;
				GCC_WARN_UNUSED_VARIABLE = YES;
				IPHONEOS_DEPLOYMENT_TARGET = 14.1;
				MTL_ENABLE_DEBUG_INFO = INCLUDE_SOURCE;
				MTL_FAST_MATH = YES;
				ONLY_ACTIVE_ARCH = YES;
				SDKROOT = iphoneos;
				SWIFT_ACTIVE_COMPILATION_CONDITIONS = DEBUG;
				SWIFT_OPTIMIZATION_LEVEL = "-Onone";
			};
			name = Debug;
		};
		BE149F8C256904DE003EFDC2 /* Release */ = {
			isa = XCBuildConfiguration;
			buildSettings = {
				ALWAYS_SEARCH_USER_PATHS = NO;
				CLANG_ANALYZER_NONNULL = YES;
				CLANG_ANALYZER_NUMBER_OBJECT_CONVERSION = YES_AGGRESSIVE;
				CLANG_CXX_LANGUAGE_STANDARD = "gnu++14";
				CLANG_CXX_LIBRARY = "libc++";
				CLANG_ENABLE_MODULES = YES;
				CLANG_ENABLE_OBJC_ARC = YES;
				CLANG_ENABLE_OBJC_WEAK = YES;
				CLANG_WARN_BLOCK_CAPTURE_AUTORELEASING = YES;
				CLANG_WARN_BOOL_CONVERSION = YES;
				CLANG_WARN_COMMA = YES;
				CLANG_WARN_CONSTANT_CONVERSION = YES;
				CLANG_WARN_DEPRECATED_OBJC_IMPLEMENTATIONS = YES;
				CLANG_WARN_DIRECT_OBJC_ISA_USAGE = YES_ERROR;
				CLANG_WARN_DOCUMENTATION_COMMENTS = YES;
				CLANG_WARN_EMPTY_BODY = YES;
				CLANG_WARN_ENUM_CONVERSION = YES;
				CLANG_WARN_INFINITE_RECURSION = YES;
				CLANG_WARN_INT_CONVERSION = YES;
				CLANG_WARN_NON_LITERAL_NULL_CONVERSION = YES;
				CLANG_WARN_OBJC_IMPLICIT_RETAIN_SELF = YES;
				CLANG_WARN_OBJC_LITERAL_CONVERSION = YES;
				CLANG_WARN_OBJC_ROOT_CLASS = YES_ERROR;
				CLANG_WARN_QUOTED_INCLUDE_IN_FRAMEWORK_HEADER = YES;
				CLANG_WARN_RANGE_LOOP_ANALYSIS = YES;
				CLANG_WARN_STRICT_PROTOTYPES = YES;
				CLANG_WARN_SUSPICIOUS_MOVE = YES;
				CLANG_WARN_UNGUARDED_AVAILABILITY = YES_AGGRESSIVE;
				CLANG_WARN_UNREACHABLE_CODE = YES;
				CLANG_WARN__DUPLICATE_METHOD_MATCH = YES;
				COPY_PHASE_STRIP = NO;
				DEBUG_INFORMATION_FORMAT = "dwarf-with-dsym";
				ENABLE_NS_ASSERTIONS = NO;
				ENABLE_STRICT_OBJC_MSGSEND = YES;
				GCC_C_LANGUAGE_STANDARD = gnu11;
				GCC_NO_COMMON_BLOCKS = YES;
				GCC_WARN_64_TO_32_BIT_CONVERSION = YES;
				GCC_WARN_ABOUT_RETURN_TYPE = YES_ERROR;
				GCC_WARN_UNDECLARED_SELECTOR = YES;
				GCC_WARN_UNINITIALIZED_AUTOS = YES_AGGRESSIVE;
				GCC_WARN_UNUSED_FUNCTION = YES;
				GCC_WARN_UNUSED_VARIABLE = YES;
				IPHONEOS_DEPLOYMENT_TARGET = 14.1;
				MTL_ENABLE_DEBUG_INFO = NO;
				MTL_FAST_MATH = YES;
				SDKROOT = iphoneos;
				SWIFT_COMPILATION_MODE = wholemodule;
				SWIFT_OPTIMIZATION_LEVEL = "-O";
				VALIDATE_PRODUCT = YES;
			};
			name = Release;
		};
		BE149F8E256904DE003EFDC2 /* Debug */ = {
			isa = XCBuildConfiguration;
			buildSettings = {
				ASSETCATALOG_COMPILER_APPICON_NAME = AppIcon;
				ASSETCATALOG_COMPILER_GLOBAL_ACCENT_COLOR_NAME = AccentColor;
				CODE_SIGN_STYLE = Automatic;
				DEVELOPMENT_ASSET_PATHS = "\"ATMcard/Preview Content\"";
				DEVELOPMENT_TEAM = X5CNZGAZC3;
				ENABLE_PREVIEWS = YES;
				INFOPLIST_FILE = ATMcard/Info.plist;
				IPHONEOS_DEPLOYMENT_TARGET = 14.0;
				LD_RUNPATH_SEARCH_PATHS = (
					"$(inherited)",
					"@executable_path/Frameworks",
				);
				PRODUCT_BUNDLE_IDENTIFIER = hariom.ATMcard;
				PRODUCT_NAME = "$(TARGET_NAME)";
				SWIFT_VERSION = 5.0;
				TARGETED_DEVICE_FAMILY = "1,2";
			};
			name = Debug;
		};
		BE149F8F256904DE003EFDC2 /* Release */ = {
			isa = XCBuildConfiguration;
			buildSettings = {
				ASSETCATALOG_COMPILER_APPICON_NAME = AppIcon;
				ASSETCATALOG_COMPILER_GLOBAL_ACCENT_COLOR_NAME = AccentColor;
				CODE_SIGN_STYLE = Automatic;
				DEVELOPMENT_ASSET_PATHS = "\"ATMcard/Preview Content\"";
				DEVELOPMENT_TEAM = X5CNZGAZC3;
				ENABLE_PREVIEWS = YES;
				INFOPLIST_FILE = ATMcard/Info.plist;
				IPHONEOS_DEPLOYMENT_TARGET = 14.0;
				LD_RUNPATH_SEARCH_PATHS = (
					"$(inherited)",
					"@executable_path/Frameworks",
				);
				PRODUCT_BUNDLE_IDENTIFIER = hariom.ATMcard;
				PRODUCT_NAME = "$(TARGET_NAME)";
				SWIFT_VERSION = 5.0;
				TARGETED_DEVICE_FAMILY = "1,2";
			};
			name = Release;
		};
/* End XCBuildConfiguration section */

/* Begin XCConfigurationList section */
		BE149F79256904DB003EFDC2 /* Build configuration list for PBXProject "ATMcard" */ = {
			isa = XCConfigurationList;
			buildConfigurations = (
				BE149F8B256904DE003EFDC2 /* Debug */,
				BE149F8C256904DE003EFDC2 /* Release */,
			);
			defaultConfigurationIsVisible = 0;
			defaultConfigurationName = Release;
		};
		BE149F8D256904DE003EFDC2 /* Build configuration list for PBXNativeTarget "ATMcard" */ = {
			isa = XCConfigurationList;
			buildConfigurations = (
				BE149F8E256904DE003EFDC2 /* Debug */,
				BE149F8F256904DE003EFDC2 /* Release */,
			);
			defaultConfigurationIsVisible = 0;
			defaultConfigurationName = Release;
		};
/* End XCConfigurationList section */
	};
	rootObject = BE149F76256904DB003EFDC2 /* Project object */;
}
